<Solution>
  <Folder Name="/src/">
    <Project Path="src/OnibusExpress.Api/OnibusExpress.Api.csproj" />
    <Project Path="src/OnibusExpress.Application/OnibusExpress.Application.csproj" />
    <Project Path="src/OnibusExpress.Domain/OnibusExpress.Domain.csproj" />
    <Project Path="src/OnibusExpress.Infrastructure/OnibusExpress.Infrastructure.csproj" />
  </Folder>
  <Folder Name="/tests/">
    <Project Path="tests/OnibusExpress.Tests/OnibusExpress.Tests.csproj" />
  </Folder>
</Solution>
